{
  "name": "aws-credentials-process-cache",
  "version": "1.0.0",
  "lockfileVersion": 1,
  "requires": true,
  "dependencies": {
    "rsvp": {
      "version": "3.6.2",
      "resolved": "https://globaldevtools.bbva.com:443/artifactory/api/npm/repository-testing-global-npm/rsvp/-/rsvp-3.6.2.tgz",
      "integrity": "sha1-LpZJFZmpbN4bUV1WdKj3qRRSkmo="
    },
    "single-instance": {
      "version": "0.0.1",
      "resolved": "https://globaldevtools.bbva.com:443/artifactory/api/npm/repository-testing-global-npm/single-instance/-/single-instance-0.0.1.tgz",
      "integrity": "sha1-7w8Gc/6YALZ1NEXZcFjSU/XUuO0=",
      "requires": {
        "rsvp": "^3.1.0"
      }
    }
  }
}
